schema: '2.0'
stages:
  load_data:
    cmd: python src\load_data.py
    deps:
    - path: data\raw\winequality.csv
      md5: ccc8d3507eb151f53f760d36abdef888
      size: 91998
    - path: src\get_data.py
      md5: 16231377b50796b68989fbcb31d0213e
      size: 596
    - path: src\load_data.py
      md5: 5148553c5d8ff3426c4c260c1735884e
      size: 573
    outs:
    - path: data\interim\winequality.csv
      md5: d98e8f2eca228c11c4de1cc96866a54d
      size: 93598
  split_data:
    cmd: python src\split_data.py --config=params.yaml
    deps:
    - path: data\interim\winequality.csv
      md5: d98e8f2eca228c11c4de1cc96866a54d
      size: 93598
    - path: src\split_data.py
      md5: 817eccda11be46e34ae9489e2ef0579d
      size: 1028
    outs:
    - path: data\processed\test_winequality.csv
      md5: e6aefdde9454af54cb4b886dd669e534
      size: 18813
    - path: data\processed\train_winequality.csv
      md5: a3879e70543e5dddfd7e34945f6cd199
      size: 74931
  train_and_evaluate:
    cmd: python src\train_and_evaluate.py --config=params.yaml
    deps:
    - path: data\processed\test_winequality.csv
      md5: e6aefdde9454af54cb4b886dd669e534
      size: 18813
    - path: data\processed\train_winequality.csv
      md5: a3879e70543e5dddfd7e34945f6cd199
      size: 74931
    - path: src\train_and_evaluate.py
      md5: 7e6725258a2e2c579b5dccf161bfe54a
      size: 2340
    params:
      params.yaml:
        estimators.ElasticNet.params.alpha: 0.7
        estimators.ElasticNet.params.l1_ratio: 0.45
    outs:
    - path: saved_models\model.joblib
      md5: fedc7f7299d34182bfb8ce11c143104e
      size: 1197
